# THIS IS AN AUTOGENERATED FILE. DO NOT EDIT THIS FILE DIRECTLY.
# yarn lockfile v1


delay@^2.0.0:
  version "2.0.0"
  resolved "https://registry.yarnpkg.com/delay/-/delay-2.0.0.tgz#9112eadc03e4ec7e00297337896f273bbd91fae5"
  dependencies:
    p-defer "^1.0.0"

p-defer@^1.0.0:
  version "1.0.0"
  resolved "https://registry.yarnpkg.com/p-defer/-/p-defer-1.0.0.tgz#9f6eb182f6c9aa8cd743004a7d4f96b196b0fb0c"
